
Microsoft Visual Studio Solution File, Format Version 12.00
# Visual Studio Version 17
VisualStudioVersion = 17.13.35931.197
MinimumVisualStudioVersion = 10.0.40219.1
Project("{2150E333-8FDC-42A3-9474-1A3956D46DE8}") = "src", "src", "{02EA681E-C7D8-13C7-8484-4AC65E1B71E8}"
EndProject
Project("{9A19103F-16F7-4668-BE54-9A1E7A4F7556}") = "appointment.api", "src\AppointmentService\appointment.api\appointment.api.csproj", "{7EA8BB9A-765C-4C45-AB5A-EAD4CCE04A05}"
	ProjectSection(ProjectDependencies) = postProject
		{A79272DB-8906-4311-9BE5-E347E3C2A0F8} = {A79272DB-8906-4311-9BE5-E347E3C2A0F8}
	EndProjectSection
EndProject
Project("{2150E333-8FDC-42A3-9474-1A3956D46DE8}") = "AppointmentService", "AppointmentService", "{E1ECA451-481C-4FDF-9E14-6ED98A7F0158}"
EndProject
Project("{9A19103F-16F7-4668-BE54-9A1E7A4F7556}") = "appointment.models", "src\AppointmentService\appointment.models\appointment.models.csproj", "{933179C4-2C88-4071-A53C-1CEE2692CDB8}"
EndProject
Project("{9A19103F-16F7-4668-BE54-9A1E7A4F7556}") = "appointment.repositories", "src\AppointmentService\appointment.repositories\appointment.repositories.csproj", "{DC0742DE-56D2-42F0-A9EA-19AF813C41A4}"
EndProject
Project("{9A19103F-16F7-4668-BE54-9A1E7A4F7556}") = "appointment.services", "src\AppointmentService\appointment.services\appointment.services.csproj", "{739AD993-340A-4575-918F-84E50585FECF}"
EndProject
Project("{2150E333-8FDC-42A3-9474-1A3956D46DE8}") = "SharedModules", "SharedModules", "{EB7CB4C3-F945-4628-934B-D92B8B7AC813}"
EndProject
Project("{9A19103F-16F7-4668-BE54-9A1E7A4F7556}") = "shared", "src\SharedModules\shared.csproj", "{A79272DB-8906-4311-9BE5-E347E3C2A0F8}"
EndProject
Project("{2150E333-8FDC-42A3-9474-1A3956D46DE8}") = "AuthenticationService", "AuthenticationService", "{4C3DF2E0-71DE-4414-B22F-928D354A8260}"
EndProject
Project("{9A19103F-16F7-4668-BE54-9A1E7A4F7556}") = "authentication.api", "src\AuthenticationService\authentication.api\authentication.api.csproj", "{CD1F39A1-7BBE-495C-968B-B39AFA64BCBE}"
	ProjectSection(ProjectDependencies) = postProject
		{A79272DB-8906-4311-9BE5-E347E3C2A0F8} = {A79272DB-8906-4311-9BE5-E347E3C2A0F8}
	EndProjectSection
EndProject
Project("{9A19103F-16F7-4668-BE54-9A1E7A4F7556}") = "authentication.models", "src\AuthenticationService\authentication.models\authentication.models.csproj", "{6932318B-53AD-4503-970D-045AC11DA0A6}"
EndProject
Project("{9A19103F-16F7-4668-BE54-9A1E7A4F7556}") = "authentication.services", "src\AuthenticationService\authentication.services\authentication.services.csproj", "{7D5407D1-E4F3-42FD-83F8-3752CC680F52}"
EndProject
Project("{9A19103F-16F7-4668-BE54-9A1E7A4F7556}") = "authentication.repositories", "src\AuthenticationService\authentication.repositories\authentication.repositories.csproj", "{E60C83CA-1FD2-43E8-B63A-2E95E26BE448}"
EndProject
Project("{2150E333-8FDC-42A3-9474-1A3956D46DE8}") = "NotificationService", "NotificationService", "{AC463ACF-FAC8-4419-A551-ADCD154916BC}"
EndProject
Project("{9A19103F-16F7-4668-BE54-9A1E7A4F7556}") = "notificationservice.function", "src\NotificationService\notificationservice.function\notificationservice.function.csproj", "{DE76F0D1-BD40-4674-8CFC-DDC81FE94F52}"
EndProject
Project("{2150E333-8FDC-42A3-9474-1A3956D46DE8}") = "FlywayMigrations", "FlywayMigrations", "{A3328FDD-14B2-486E-8DE0-FA70480FB6A7}"
	ProjectSection(SolutionItems) = preProject
		flyway.conf = flyway.conf
		src\FlywayMigrations\V01__CreateHealthcareSchemas.sql = src\FlywayMigrations\V01__CreateHealthcareSchemas.sql
		src\FlywayMigrations\V02__SeedDataIntoHealthcareSchemas.sql = src\FlywayMigrations\V02__SeedDataIntoHealthcareSchemas.sql
	EndProjectSection
EndProject
Project("{2150E333-8FDC-42A3-9474-1A3956D46DE8}") = "DoctorService", "DoctorService", "{FCC37E3E-7597-48CE-BCBC-7FE42DCBC051}"
EndProject
Project("{FAE04EC0-301F-11D3-BF4B-00C04F79EFBC}") = "doctor.api", "src\DoctorService\doctor.api\doctor.api.csproj", "{2F73F25E-F981-4BA9-8E1C-03D9935687D0}"
EndProject
Project("{FAE04EC0-301F-11D3-BF4B-00C04F79EFBC}") = "doctor.models", "src\DoctorService\doctor.models\doctor.models.csproj", "{3382359D-F608-46E7-96CA-320C1DD1B234}"
EndProject
Project("{FAE04EC0-301F-11D3-BF4B-00C04F79EFBC}") = "doctor.repositories", "src\DoctorService\doctor.repositories\doctor.repositories.csproj", "{3663B987-D9BC-471E-8A4E-6093CB0FEA6E}"
EndProject
Project("{FAE04EC0-301F-11D3-BF4B-00C04F79EFBC}") = "doctor.services", "src\DoctorService\doctor.services\doctor.services.csproj", "{D278C0F9-5B51-433A-B4D1-4B17CF4F7C0B}"
EndProject
Project("{2150E333-8FDC-42A3-9474-1A3956D46DE8}") = "PatientService", "PatientService", "{580EFD48-6979-400F-ABBD-AB8E96975C32}"
EndProject
Project("{FAE04EC0-301F-11D3-BF4B-00C04F79EFBC}") = "patient.api", "src\PatientService\patient.api\patient.api.csproj", "{D1B5D8C8-E8CB-4B9E-9CC8-FF37AF9DC69F}"
EndProject
Project("{FAE04EC0-301F-11D3-BF4B-00C04F79EFBC}") = "patient.models", "src\PatientService\patient.models\patient.models.csproj", "{F22CBB21-9744-431E-BD3A-A9DBE170421A}"
EndProject
Project("{FAE04EC0-301F-11D3-BF4B-00C04F79EFBC}") = "patient.repositories", "src\PatientService\patient.repositories\patient.repositories.csproj", "{7F712285-AA0A-447F-A1A3-286DF1C1B269}"
EndProject
Project("{FAE04EC0-301F-11D3-BF4B-00C04F79EFBC}") = "patient.services", "src\PatientService\patient.services\patient.services.csproj", "{98283F84-94DD-4A82-B367-239FC39F0B69}"
EndProject
Project("{2150E333-8FDC-42A3-9474-1A3956D46DE8}") = "DepartmentService", "DepartmentService", "{2ABF6EAA-A221-43A8-A3D7-CAE2D3AEE5EA}"
EndProject
Project("{FAE04EC0-301F-11D3-BF4B-00C04F79EFBC}") = "department.api", "src\DepartmentService\department.api\department.api.csproj", "{D1363888-5FBA-4499-B846-A10B3003490B}"
EndProject
Project("{FAE04EC0-301F-11D3-BF4B-00C04F79EFBC}") = "department.models", "src\DepartmentService\department.models\department.models.csproj", "{81E65BAB-7A29-4831-B74E-41C984A95A1A}"
EndProject
Project("{FAE04EC0-301F-11D3-BF4B-00C04F79EFBC}") = "department.repositories", "src\DepartmentService\department.repositories\department.repositories.csproj", "{4B3D54D8-2AD8-4F17-BB55-B93545CF9A34}"
EndProject
Project("{FAE04EC0-301F-11D3-BF4B-00C04F79EFBC}") = "department.services", "src\DepartmentService\department.services\department.services.csproj", "{455709EC-E9BC-43F8-9B91-ECB0C07902E0}"
EndProject
Project("{2150E333-8FDC-42A3-9474-1A3956D46DE8}") = "PrescriptionService", "PrescriptionService", "{17DF89A2-B83F-4342-925F-797E74E7EFA2}"
EndProject
Project("{FAE04EC0-301F-11D3-BF4B-00C04F79EFBC}") = "prescription.api", "src\PrescriptionService\prescription.api\prescription.api.csproj", "{CD7ED9E6-B5B9-49C2-A355-91B4F92BD695}"
EndProject
Project("{FAE04EC0-301F-11D3-BF4B-00C04F79EFBC}") = "prescription.models", "src\PrescriptionService\prescription.models\prescription.models.csproj", "{95933D63-07A7-4C8B-AA4F-DFCEB0F40B0F}"
EndProject
Project("{FAE04EC0-301F-11D3-BF4B-00C04F79EFBC}") = "prescription.repositories", "src\PrescriptionService\prescription.repositories\prescription.repositories.csproj", "{FBC0AA0B-A23D-4D43-9C57-449965043466}"
EndProject
Project("{FAE04EC0-301F-11D3-BF4B-00C04F79EFBC}") = "prescription.services", "src\PrescriptionService\prescription.services\prescription.services.csproj", "{EB5E3C59-CEC4-497A-B16D-6D7C6CD0A54D}"
EndProject
Global
	GlobalSection(SolutionConfigurationPlatforms) = preSolution
		Debug|Any CPU = Debug|Any CPU
		Release|Any CPU = Release|Any CPU
	EndGlobalSection
	GlobalSection(ProjectConfigurationPlatforms) = postSolution
		{7EA8BB9A-765C-4C45-AB5A-EAD4CCE04A05}.Debug|Any CPU.ActiveCfg = Debug|Any CPU
		{7EA8BB9A-765C-4C45-AB5A-EAD4CCE04A05}.Debug|Any CPU.Build.0 = Debug|Any CPU
		{7EA8BB9A-765C-4C45-AB5A-EAD4CCE04A05}.Release|Any CPU.ActiveCfg = Release|Any CPU
		{7EA8BB9A-765C-4C45-AB5A-EAD4CCE04A05}.Release|Any CPU.Build.0 = Release|Any CPU
		{933179C4-2C88-4071-A53C-1CEE2692CDB8}.Debug|Any CPU.ActiveCfg = Debug|Any CPU
		{933179C4-2C88-4071-A53C-1CEE2692CDB8}.Debug|Any CPU.Build.0 = Debug|Any CPU
		{933179C4-2C88-4071-A53C-1CEE2692CDB8}.Release|Any CPU.ActiveCfg = Release|Any CPU
		{933179C4-2C88-4071-A53C-1CEE2692CDB8}.Release|Any CPU.Build.0 = Release|Any CPU
		{DC0742DE-56D2-42F0-A9EA-19AF813C41A4}.Debug|Any CPU.ActiveCfg = Debug|Any CPU
		{DC0742DE-56D2-42F0-A9EA-19AF813C41A4}.Debug|Any CPU.Build.0 = Debug|Any CPU
		{DC0742DE-56D2-42F0-A9EA-19AF813C41A4}.Release|Any CPU.ActiveCfg = Release|Any CPU
		{DC0742DE-56D2-42F0-A9EA-19AF813C41A4}.Release|Any CPU.Build.0 = Release|Any CPU
		{739AD993-340A-4575-918F-84E50585FECF}.Debug|Any CPU.ActiveCfg = Debug|Any CPU
		{739AD993-340A-4575-918F-84E50585FECF}.Debug|Any CPU.Build.0 = Debug|Any CPU
		{739AD993-340A-4575-918F-84E50585FECF}.Release|Any CPU.ActiveCfg = Release|Any CPU
		{739AD993-340A-4575-918F-84E50585FECF}.Release|Any CPU.Build.0 = Release|Any CPU
		{A79272DB-8906-4311-9BE5-E347E3C2A0F8}.Debug|Any CPU.ActiveCfg = Debug|Any CPU
		{A79272DB-8906-4311-9BE5-E347E3C2A0F8}.Debug|Any CPU.Build.0 = Debug|Any CPU
		{A79272DB-8906-4311-9BE5-E347E3C2A0F8}.Release|Any CPU.ActiveCfg = Release|Any CPU
		{A79272DB-8906-4311-9BE5-E347E3C2A0F8}.Release|Any CPU.Build.0 = Release|Any CPU
		{CD1F39A1-7BBE-495C-968B-B39AFA64BCBE}.Debug|Any CPU.ActiveCfg = Debug|Any CPU
		{CD1F39A1-7BBE-495C-968B-B39AFA64BCBE}.Debug|Any CPU.Build.0 = Debug|Any CPU
		{CD1F39A1-7BBE-495C-968B-B39AFA64BCBE}.Release|Any CPU.ActiveCfg = Release|Any CPU
		{CD1F39A1-7BBE-495C-968B-B39AFA64BCBE}.Release|Any CPU.Build.0 = Release|Any CPU
		{6932318B-53AD-4503-970D-045AC11DA0A6}.Debug|Any CPU.ActiveCfg = Debug|Any CPU
		{6932318B-53AD-4503-970D-045AC11DA0A6}.Debug|Any CPU.Build.0 = Debug|Any CPU
		{6932318B-53AD-4503-970D-045AC11DA0A6}.Release|Any CPU.ActiveCfg = Release|Any CPU
		{6932318B-53AD-4503-970D-045AC11DA0A6}.Release|Any CPU.Build.0 = Release|Any CPU
		{7D5407D1-E4F3-42FD-83F8-3752CC680F52}.Debug|Any CPU.ActiveCfg = Debug|Any CPU
		{7D5407D1-E4F3-42FD-83F8-3752CC680F52}.Debug|Any CPU.Build.0 = Debug|Any CPU
		{7D5407D1-E4F3-42FD-83F8-3752CC680F52}.Release|Any CPU.ActiveCfg = Release|Any CPU
		{7D5407D1-E4F3-42FD-83F8-3752CC680F52}.Release|Any CPU.Build.0 = Release|Any CPU
		{E60C83CA-1FD2-43E8-B63A-2E95E26BE448}.Debug|Any CPU.ActiveCfg = Debug|Any CPU
		{E60C83CA-1FD2-43E8-B63A-2E95E26BE448}.Debug|Any CPU.Build.0 = Debug|Any CPU
		{E60C83CA-1FD2-43E8-B63A-2E95E26BE448}.Release|Any CPU.ActiveCfg = Release|Any CPU
		{E60C83CA-1FD2-43E8-B63A-2E95E26BE448}.Release|Any CPU.Build.0 = Release|Any CPU
		{DE76F0D1-BD40-4674-8CFC-DDC81FE94F52}.Debug|Any CPU.ActiveCfg = Debug|Any CPU
		{DE76F0D1-BD40-4674-8CFC-DDC81FE94F52}.Debug|Any CPU.Build.0 = Debug|Any CPU
		{DE76F0D1-BD40-4674-8CFC-DDC81FE94F52}.Release|Any CPU.ActiveCfg = Release|Any CPU
		{DE76F0D1-BD40-4674-8CFC-DDC81FE94F52}.Release|Any CPU.Build.0 = Release|Any CPU
		{2F73F25E-F981-4BA9-8E1C-03D9935687D0}.Debug|Any CPU.ActiveCfg = Debug|Any CPU
		{2F73F25E-F981-4BA9-8E1C-03D9935687D0}.Debug|Any CPU.Build.0 = Debug|Any CPU
		{2F73F25E-F981-4BA9-8E1C-03D9935687D0}.Release|Any CPU.ActiveCfg = Release|Any CPU
		{2F73F25E-F981-4BA9-8E1C-03D9935687D0}.Release|Any CPU.Build.0 = Release|Any CPU
		{3382359D-F608-46E7-96CA-320C1DD1B234}.Debug|Any CPU.ActiveCfg = Debug|Any CPU
		{3382359D-F608-46E7-96CA-320C1DD1B234}.Debug|Any CPU.Build.0 = Debug|Any CPU
		{3382359D-F608-46E7-96CA-320C1DD1B234}.Release|Any CPU.ActiveCfg = Release|Any CPU
		{3382359D-F608-46E7-96CA-320C1DD1B234}.Release|Any CPU.Build.0 = Release|Any CPU
		{3663B987-D9BC-471E-8A4E-6093CB0FEA6E}.Debug|Any CPU.ActiveCfg = Debug|Any CPU
		{3663B987-D9BC-471E-8A4E-6093CB0FEA6E}.Debug|Any CPU.Build.0 = Debug|Any CPU
		{3663B987-D9BC-471E-8A4E-6093CB0FEA6E}.Release|Any CPU.ActiveCfg = Release|Any CPU
		{3663B987-D9BC-471E-8A4E-6093CB0FEA6E}.Release|Any CPU.Build.0 = Release|Any CPU
		{D278C0F9-5B51-433A-B4D1-4B17CF4F7C0B}.Debug|Any CPU.ActiveCfg = Debug|Any CPU
		{D278C0F9-5B51-433A-B4D1-4B17CF4F7C0B}.Debug|Any CPU.Build.0 = Debug|Any CPU
		{D278C0F9-5B51-433A-B4D1-4B17CF4F7C0B}.Release|Any CPU.ActiveCfg = Release|Any CPU
		{D278C0F9-5B51-433A-B4D1-4B17CF4F7C0B}.Release|Any CPU.Build.0 = Release|Any CPU
		{D1B5D8C8-E8CB-4B9E-9CC8-FF37AF9DC69F}.Debug|Any CPU.ActiveCfg = Debug|Any CPU
		{D1B5D8C8-E8CB-4B9E-9CC8-FF37AF9DC69F}.Debug|Any CPU.Build.0 = Debug|Any CPU
		{D1B5D8C8-E8CB-4B9E-9CC8-FF37AF9DC69F}.Release|Any CPU.ActiveCfg = Release|Any CPU
		{D1B5D8C8-E8CB-4B9E-9CC8-FF37AF9DC69F}.Release|Any CPU.Build.0 = Release|Any CPU
		{F22CBB21-9744-431E-BD3A-A9DBE170421A}.Debug|Any CPU.ActiveCfg = Debug|Any CPU
		{F22CBB21-9744-431E-BD3A-A9DBE170421A}.Debug|Any CPU.Build.0 = Debug|Any CPU
		{F22CBB21-9744-431E-BD3A-A9DBE170421A}.Release|Any CPU.ActiveCfg = Release|Any CPU
		{F22CBB21-9744-431E-BD3A-A9DBE170421A}.Release|Any CPU.Build.0 = Release|Any CPU
		{7F712285-AA0A-447F-A1A3-286DF1C1B269}.Debug|Any CPU.ActiveCfg = Debug|Any CPU
		{7F712285-AA0A-447F-A1A3-286DF1C1B269}.Debug|Any CPU.Build.0 = Debug|Any CPU
		{7F712285-AA0A-447F-A1A3-286DF1C1B269}.Release|Any CPU.ActiveCfg = Release|Any CPU
		{7F712285-AA0A-447F-A1A3-286DF1C1B269}.Release|Any CPU.Build.0 = Release|Any CPU
		{98283F84-94DD-4A82-B367-239FC39F0B69}.Debug|Any CPU.ActiveCfg = Debug|Any CPU
		{98283F84-94DD-4A82-B367-239FC39F0B69}.Debug|Any CPU.Build.0 = Debug|Any CPU
		{98283F84-94DD-4A82-B367-239FC39F0B69}.Release|Any CPU.ActiveCfg = Release|Any CPU
		{98283F84-94DD-4A82-B367-239FC39F0B69}.Release|Any CPU.Build.0 = Release|Any CPU
		{D1363888-5FBA-4499-B846-A10B3003490B}.Debug|Any CPU.ActiveCfg = Debug|Any CPU
		{D1363888-5FBA-4499-B846-A10B3003490B}.Debug|Any CPU.Build.0 = Debug|Any CPU
		{D1363888-5FBA-4499-B846-A10B3003490B}.Release|Any CPU.ActiveCfg = Release|Any CPU
		{D1363888-5FBA-4499-B846-A10B3003490B}.Release|Any CPU.Build.0 = Release|Any CPU
		{81E65BAB-7A29-4831-B74E-41C984A95A1A}.Debug|Any CPU.ActiveCfg = Debug|Any CPU
		{81E65BAB-7A29-4831-B74E-41C984A95A1A}.Debug|Any CPU.Build.0 = Debug|Any CPU
		{81E65BAB-7A29-4831-B74E-41C984A95A1A}.Release|Any CPU.ActiveCfg = Release|Any CPU
		{81E65BAB-7A29-4831-B74E-41C984A95A1A}.Release|Any CPU.Build.0 = Release|Any CPU
		{4B3D54D8-2AD8-4F17-BB55-B93545CF9A34}.Debug|Any CPU.ActiveCfg = Debug|Any CPU
		{4B3D54D8-2AD8-4F17-BB55-B93545CF9A34}.Debug|Any CPU.Build.0 = Debug|Any CPU
		{4B3D54D8-2AD8-4F17-BB55-B93545CF9A34}.Release|Any CPU.ActiveCfg = Release|Any CPU
		{4B3D54D8-2AD8-4F17-BB55-B93545CF9A34}.Release|Any CPU.Build.0 = Release|Any CPU
		{455709EC-E9BC-43F8-9B91-ECB0C07902E0}.Debug|Any CPU.ActiveCfg = Debug|Any CPU
		{455709EC-E9BC-43F8-9B91-ECB0C07902E0}.Debug|Any CPU.Build.0 = Debug|Any CPU
		{455709EC-E9BC-43F8-9B91-ECB0C07902E0}.Release|Any CPU.ActiveCfg = Release|Any CPU
		{455709EC-E9BC-43F8-9B91-ECB0C07902E0}.Release|Any CPU.Build.0 = Release|Any CPU
		{CD7ED9E6-B5B9-49C2-A355-91B4F92BD695}.Debug|Any CPU.ActiveCfg = Debug|Any CPU
		{CD7ED9E6-B5B9-49C2-A355-91B4F92BD695}.Debug|Any CPU.Build.0 = Debug|Any CPU
		{CD7ED9E6-B5B9-49C2-A355-91B4F92BD695}.Release|Any CPU.ActiveCfg = Release|Any CPU
		{CD7ED9E6-B5B9-49C2-A355-91B4F92BD695}.Release|Any CPU.Build.0 = Release|Any CPU
		{95933D63-07A7-4C8B-AA4F-DFCEB0F40B0F}.Debug|Any CPU.ActiveCfg = Debug|Any CPU
		{95933D63-07A7-4C8B-AA4F-DFCEB0F40B0F}.Debug|Any CPU.Build.0 = Debug|Any CPU
		{95933D63-07A7-4C8B-AA4F-DFCEB0F40B0F}.Release|Any CPU.ActiveCfg = Release|Any CPU
		{95933D63-07A7-4C8B-AA4F-DFCEB0F40B0F}.Release|Any CPU.Build.0 = Release|Any CPU
		{FBC0AA0B-A23D-4D43-9C57-449965043466}.Debug|Any CPU.ActiveCfg = Debug|Any CPU
		{FBC0AA0B-A23D-4D43-9C57-449965043466}.Debug|Any CPU.Build.0 = Debug|Any CPU
		{FBC0AA0B-A23D-4D43-9C57-449965043466}.Release|Any CPU.ActiveCfg = Release|Any CPU
		{FBC0AA0B-A23D-4D43-9C57-449965043466}.Release|Any CPU.Build.0 = Release|Any CPU
		{EB5E3C59-CEC4-497A-B16D-6D7C6CD0A54D}.Debug|Any CPU.ActiveCfg = Debug|Any CPU
		{EB5E3C59-CEC4-497A-B16D-6D7C6CD0A54D}.Debug|Any CPU.Build.0 = Debug|Any CPU
		{EB5E3C59-CEC4-497A-B16D-6D7C6CD0A54D}.Release|Any CPU.ActiveCfg = Release|Any CPU
		{EB5E3C59-CEC4-497A-B16D-6D7C6CD0A54D}.Release|Any CPU.Build.0 = Release|Any CPU
	EndGlobalSection
	GlobalSection(SolutionProperties) = preSolution
		HideSolutionNode = FALSE
	EndGlobalSection
	GlobalSection(NestedProjects) = preSolution
		{7EA8BB9A-765C-4C45-AB5A-EAD4CCE04A05} = {E1ECA451-481C-4FDF-9E14-6ED98A7F0158}
		{E1ECA451-481C-4FDF-9E14-6ED98A7F0158} = {02EA681E-C7D8-13C7-8484-4AC65E1B71E8}
		{933179C4-2C88-4071-A53C-1CEE2692CDB8} = {E1ECA451-481C-4FDF-9E14-6ED98A7F0158}
		{DC0742DE-56D2-42F0-A9EA-19AF813C41A4} = {E1ECA451-481C-4FDF-9E14-6ED98A7F0158}
		{739AD993-340A-4575-918F-84E50585FECF} = {E1ECA451-481C-4FDF-9E14-6ED98A7F0158}
		{EB7CB4C3-F945-4628-934B-D92B8B7AC813} = {02EA681E-C7D8-13C7-8484-4AC65E1B71E8}
		{A79272DB-8906-4311-9BE5-E347E3C2A0F8} = {EB7CB4C3-F945-4628-934B-D92B8B7AC813}
		{4C3DF2E0-71DE-4414-B22F-928D354A8260} = {02EA681E-C7D8-13C7-8484-4AC65E1B71E8}
		{CD1F39A1-7BBE-495C-968B-B39AFA64BCBE} = {4C3DF2E0-71DE-4414-B22F-928D354A8260}
		{6932318B-53AD-4503-970D-045AC11DA0A6} = {4C3DF2E0-71DE-4414-B22F-928D354A8260}
		{7D5407D1-E4F3-42FD-83F8-3752CC680F52} = {4C3DF2E0-71DE-4414-B22F-928D354A8260}
		{E60C83CA-1FD2-43E8-B63A-2E95E26BE448} = {4C3DF2E0-71DE-4414-B22F-928D354A8260}
		{AC463ACF-FAC8-4419-A551-ADCD154916BC} = {02EA681E-C7D8-13C7-8484-4AC65E1B71E8}
		{DE76F0D1-BD40-4674-8CFC-DDC81FE94F52} = {AC463ACF-FAC8-4419-A551-ADCD154916BC}
		{A3328FDD-14B2-486E-8DE0-FA70480FB6A7} = {02EA681E-C7D8-13C7-8484-4AC65E1B71E8}
		{FCC37E3E-7597-48CE-BCBC-7FE42DCBC051} = {02EA681E-C7D8-13C7-8484-4AC65E1B71E8}
		{2F73F25E-F981-4BA9-8E1C-03D9935687D0} = {FCC37E3E-7597-48CE-BCBC-7FE42DCBC051}
		{3382359D-F608-46E7-96CA-320C1DD1B234} = {FCC37E3E-7597-48CE-BCBC-7FE42DCBC051}
		{3663B987-D9BC-471E-8A4E-6093CB0FEA6E} = {FCC37E3E-7597-48CE-BCBC-7FE42DCBC051}
		{D278C0F9-5B51-433A-B4D1-4B17CF4F7C0B} = {FCC37E3E-7597-48CE-BCBC-7FE42DCBC051}
		{580EFD48-6979-400F-ABBD-AB8E96975C32} = {02EA681E-C7D8-13C7-8484-4AC65E1B71E8}
		{D1B5D8C8-E8CB-4B9E-9CC8-FF37AF9DC69F} = {580EFD48-6979-400F-ABBD-AB8E96975C32}
		{F22CBB21-9744-431E-BD3A-A9DBE170421A} = {580EFD48-6979-400F-ABBD-AB8E96975C32}
		{7F712285-AA0A-447F-A1A3-286DF1C1B269} = {580EFD48-6979-400F-ABBD-AB8E96975C32}
		{98283F84-94DD-4A82-B367-239FC39F0B69} = {580EFD48-6979-400F-ABBD-AB8E96975C32}
		{2ABF6EAA-A221-43A8-A3D7-CAE2D3AEE5EA} = {02EA681E-C7D8-13C7-8484-4AC65E1B71E8}
		{D1363888-5FBA-4499-B846-A10B3003490B} = {2ABF6EAA-A221-43A8-A3D7-CAE2D3AEE5EA}
		{81E65BAB-7A29-4831-B74E-41C984A95A1A} = {2ABF6EAA-A221-43A8-A3D7-CAE2D3AEE5EA}
		{4B3D54D8-2AD8-4F17-BB55-B93545CF9A34} = {2ABF6EAA-A221-43A8-A3D7-CAE2D3AEE5EA}
		{455709EC-E9BC-43F8-9B91-ECB0C07902E0} = {2ABF6EAA-A221-43A8-A3D7-CAE2D3AEE5EA}
		{17DF89A2-B83F-4342-925F-797E74E7EFA2} = {02EA681E-C7D8-13C7-8484-4AC65E1B71E8}
		{CD7ED9E6-B5B9-49C2-A355-91B4F92BD695} = {17DF89A2-B83F-4342-925F-797E74E7EFA2}
		{95933D63-07A7-4C8B-AA4F-DFCEB0F40B0F} = {17DF89A2-B83F-4342-925F-797E74E7EFA2}
		{FBC0AA0B-A23D-4D43-9C57-449965043466} = {17DF89A2-B83F-4342-925F-797E74E7EFA2}
		{EB5E3C59-CEC4-497A-B16D-6D7C6CD0A54D} = {17DF89A2-B83F-4342-925F-797E74E7EFA2}
	EndGlobalSection
	GlobalSection(ExtensibilityGlobals) = postSolution
		SolutionGuid = {E891FCEC-5112-41F8-A782-0C0E08065396}
	EndGlobalSection
EndGlobal
